
Microsoft Visual Studio Solution File, Format Version 12.00
# Visual Studio 14
VisualStudioVersion = 14.0.25420.1
MinimumVisualStudioVersion = 10.0.40219.1
Project("{2150E333-8FDC-42A3-9474-1A3956D46DE8}") = ".paket", ".paket", "{D2E917AF-BC69-4359-A6C2-FFE1A8FB1B79}"
	ProjectSection(SolutionItems) = preProject
		paket.dependencies = paket.dependencies
	EndProjectSection
EndProject
Project("{F2A71F9B-5D33-465A-A702-920D77279786}") = "WebSharper.UI.Next.Serit", "WebSharper.UI.Next.Serit\WebSharper.UI.Next.Serit.fsproj", "{6F2F5F3D-DE27-4401-B567-FF79442482B8}"
EndProject
Project("{F2A71F9B-5D33-465A-A702-920D77279786}") = "WebSharper.UI.Next.Serit.Examples", "WebSharper.UI.Next.Serit.Examples\WebSharper.UI.Next.Serit.Examples.fsproj", "{FCB65AEE-0C3B-4DD6-997A-954253B219FB}"
EndProject
Global
	GlobalSection(SolutionConfigurationPlatforms) = preSolution
		Debug|Any CPU = Debug|Any CPU
		Release|Any CPU = Release|Any CPU
	EndGlobalSection
	GlobalSection(ProjectConfigurationPlatforms) = postSolution
		{6F2F5F3D-DE27-4401-B567-FF79442482B8}.Debug|Any CPU.ActiveCfg = Debug|Any CPU
		{6F2F5F3D-DE27-4401-B567-FF79442482B8}.Debug|Any CPU.Build.0 = Debug|Any CPU
		{6F2F5F3D-DE27-4401-B567-FF79442482B8}.Release|Any CPU.ActiveCfg = Release|Any CPU
		{6F2F5F3D-DE27-4401-B567-FF79442482B8}.Release|Any CPU.Build.0 = Release|Any CPU
		{FCB65AEE-0C3B-4DD6-997A-954253B219FB}.Debug|Any CPU.ActiveCfg = Debug|Any CPU
		{FCB65AEE-0C3B-4DD6-997A-954253B219FB}.Debug|Any CPU.Build.0 = Debug|Any CPU
		{FCB65AEE-0C3B-4DD6-997A-954253B219FB}.Release|Any CPU.ActiveCfg = Release|Any CPU
		{FCB65AEE-0C3B-4DD6-997A-954253B219FB}.Release|Any CPU.Build.0 = Release|Any CPU
	EndGlobalSection
	GlobalSection(SolutionProperties) = preSolution
		HideSolutionNode = FALSE
	EndGlobalSection
EndGlobal
